
Microsoft Visual Studio Solution File, Format Version 12.00
# Visual Studio Version 17
VisualStudioVersion = 17.3.32929.385
MinimumVisualStudioVersion = 15.0.26124.0
Project("{9A19103F-16F7-4668-BE54-9A1E7A4F7556}") = "ids", "ids\ids.csproj", "{099C682C-971E-4579-8997-FF2D91EE7281}"
EndProject
Project("{9A19103F-16F7-4668-BE54-9A1E7A4F7556}") = "API", "API\API.csproj", "{380B9107-DC2D-4173-8AB1-3E3FC0C52A32}"
EndProject
Project("{9A19103F-16F7-4668-BE54-9A1E7A4F7556}") = "Client", "Client\Client.csproj", "{FE655725-9BBE-4BCA-B66F-51C557FD5ACA}"
EndProject
Project("{9A19103F-16F7-4668-BE54-9A1E7A4F7556}") = "API.Gateaway", "API.Gateaway\API.Gateaway.csproj", "{7E3CD017-75D4-4891-B4B9-7F4A07B14425}"
EndProject
Project("{FAE04EC0-301F-11D3-BF4B-00C04F79EFBC}") = "API.Tests", "API.Tests\API.Tests.csproj", "{64E08039-F436-4ECB-B79F-54729F27E104}"
EndProject
Global
	GlobalSection(SolutionConfigurationPlatforms) = preSolution
		Debug|Any CPU = Debug|Any CPU
		Debug|x64 = Debug|x64
		Debug|x86 = Debug|x86
		Release|Any CPU = Release|Any CPU
		Release|x64 = Release|x64
		Release|x86 = Release|x86
	EndGlobalSection
	GlobalSection(ProjectConfigurationPlatforms) = postSolution
		{099C682C-971E-4579-8997-FF2D91EE7281}.Debug|Any CPU.ActiveCfg = Debug|Any CPU
		{099C682C-971E-4579-8997-FF2D91EE7281}.Debug|Any CPU.Build.0 = Debug|Any CPU
		{099C682C-971E-4579-8997-FF2D91EE7281}.Debug|x64.ActiveCfg = Debug|Any CPU
		{099C682C-971E-4579-8997-FF2D91EE7281}.Debug|x64.Build.0 = Debug|Any CPU
		{099C682C-971E-4579-8997-FF2D91EE7281}.Debug|x86.ActiveCfg = Debug|Any CPU
		{099C682C-971E-4579-8997-FF2D91EE7281}.Debug|x86.Build.0 = Debug|Any CPU
		{099C682C-971E-4579-8997-FF2D91EE7281}.Release|Any CPU.ActiveCfg = Release|Any CPU
		{099C682C-971E-4579-8997-FF2D91EE7281}.Release|Any CPU.Build.0 = Release|Any CPU
		{099C682C-971E-4579-8997-FF2D91EE7281}.Release|x64.ActiveCfg = Release|Any CPU
		{099C682C-971E-4579-8997-FF2D91EE7281}.Release|x64.Build.0 = Release|Any CPU
		{099C682C-971E-4579-8997-FF2D91EE7281}.Release|x86.ActiveCfg = Release|Any CPU
		{099C682C-971E-4579-8997-FF2D91EE7281}.Release|x86.Build.0 = Release|Any CPU
		{380B9107-DC2D-4173-8AB1-3E3FC0C52A32}.Debug|Any CPU.ActiveCfg = Debug|Any CPU
		{380B9107-DC2D-4173-8AB1-3E3FC0C52A32}.Debug|Any CPU.Build.0 = Debug|Any CPU
		{380B9107-DC2D-4173-8AB1-3E3FC0C52A32}.Debug|x64.ActiveCfg = Debug|Any CPU
		{380B9107-DC2D-4173-8AB1-3E3FC0C52A32}.Debug|x64.Build.0 = Debug|Any CPU
		{380B9107-DC2D-4173-8AB1-3E3FC0C52A32}.Debug|x86.ActiveCfg = Debug|Any CPU
		{380B9107-DC2D-4173-8AB1-3E3FC0C52A32}.Debug|x86.Build.0 = Debug|Any CPU
		{380B9107-DC2D-4173-8AB1-3E3FC0C52A32}.Release|Any CPU.ActiveCfg = Release|Any CPU
		{380B9107-DC2D-4173-8AB1-3E3FC0C52A32}.Release|Any CPU.Build.0 = Release|Any CPU
		{380B9107-DC2D-4173-8AB1-3E3FC0C52A32}.Release|x64.ActiveCfg = Release|Any CPU
		{380B9107-DC2D-4173-8AB1-3E3FC0C52A32}.Release|x64.Build.0 = Release|Any CPU
		{380B9107-DC2D-4173-8AB1-3E3FC0C52A32}.Release|x86.ActiveCfg = Release|Any CPU
		{380B9107-DC2D-4173-8AB1-3E3FC0C52A32}.Release|x86.Build.0 = Release|Any CPU
		{FE655725-9BBE-4BCA-B66F-51C557FD5ACA}.Debug|Any CPU.ActiveCfg = Debug|Any CPU
		{FE655725-9BBE-4BCA-B66F-51C557FD5ACA}.Debug|Any CPU.Build.0 = Debug|Any CPU
		{FE655725-9BBE-4BCA-B66F-51C557FD5ACA}.Debug|x64.ActiveCfg = Debug|Any CPU
		{FE655725-9BBE-4BCA-B66F-51C557FD5ACA}.Debug|x64.Build.0 = Debug|Any CPU
		{FE655725-9BBE-4BCA-B66F-51C557FD5ACA}.Debug|x86.ActiveCfg = Debug|Any CPU
		{FE655725-9BBE-4BCA-B66F-51C557FD5ACA}.Debug|x86.Build.0 = Debug|Any CPU
		{FE655725-9BBE-4BCA-B66F-51C557FD5ACA}.Release|Any CPU.ActiveCfg = Release|Any CPU
		{FE655725-9BBE-4BCA-B66F-51C557FD5ACA}.Release|Any CPU.Build.0 = Release|Any CPU
		{FE655725-9BBE-4BCA-B66F-51C557FD5ACA}.Release|x64.ActiveCfg = Release|Any CPU
		{FE655725-9BBE-4BCA-B66F-51C557FD5ACA}.Release|x64.Build.0 = Release|Any CPU
		{FE655725-9BBE-4BCA-B66F-51C557FD5ACA}.Release|x86.ActiveCfg = Release|Any CPU
		{FE655725-9BBE-4BCA-B66F-51C557FD5ACA}.Release|x86.Build.0 = Release|Any CPU
		{7E3CD017-75D4-4891-B4B9-7F4A07B14425}.Debug|Any CPU.ActiveCfg = Debug|Any CPU
		{7E3CD017-75D4-4891-B4B9-7F4A07B14425}.Debug|Any CPU.Build.0 = Debug|Any CPU
		{7E3CD017-75D4-4891-B4B9-7F4A07B14425}.Debug|x64.ActiveCfg = Debug|Any CPU
		{7E3CD017-75D4-4891-B4B9-7F4A07B14425}.Debug|x64.Build.0 = Debug|Any CPU
		{7E3CD017-75D4-4891-B4B9-7F4A07B14425}.Debug|x86.ActiveCfg = Debug|Any CPU
		{7E3CD017-75D4-4891-B4B9-7F4A07B14425}.Debug|x86.Build.0 = Debug|Any CPU
		{7E3CD017-75D4-4891-B4B9-7F4A07B14425}.Release|Any CPU.ActiveCfg = Release|Any CPU
		{7E3CD017-75D4-4891-B4B9-7F4A07B14425}.Release|Any CPU.Build.0 = Release|Any CPU
		{7E3CD017-75D4-4891-B4B9-7F4A07B14425}.Release|x64.ActiveCfg = Release|Any CPU
		{7E3CD017-75D4-4891-B4B9-7F4A07B14425}.Release|x64.Build.0 = Release|Any CPU
		{7E3CD017-75D4-4891-B4B9-7F4A07B14425}.Release|x86.ActiveCfg = Release|Any CPU
		{7E3CD017-75D4-4891-B4B9-7F4A07B14425}.Release|x86.Build.0 = Release|Any CPU
		{64E08039-F436-4ECB-B79F-54729F27E104}.Debug|Any CPU.ActiveCfg = Debug|Any CPU
		{64E08039-F436-4ECB-B79F-54729F27E104}.Debug|Any CPU.Build.0 = Debug|Any CPU
		{64E08039-F436-4ECB-B79F-54729F27E104}.Debug|x64.ActiveCfg = Debug|Any CPU
		{64E08039-F436-4ECB-B79F-54729F27E104}.Debug|x64.Build.0 = Debug|Any CPU
		{64E08039-F436-4ECB-B79F-54729F27E104}.Debug|x86.ActiveCfg = Debug|Any CPU
		{64E08039-F436-4ECB-B79F-54729F27E104}.Debug|x86.Build.0 = Debug|Any CPU
		{64E08039-F436-4ECB-B79F-54729F27E104}.Release|Any CPU.ActiveCfg = Release|Any CPU
		{64E08039-F436-4ECB-B79F-54729F27E104}.Release|Any CPU.Build.0 = Release|Any CPU
		{64E08039-F436-4ECB-B79F-54729F27E104}.Release|x64.ActiveCfg = Release|Any CPU
		{64E08039-F436-4ECB-B79F-54729F27E104}.Release|x64.Build.0 = Release|Any CPU
		{64E08039-F436-4ECB-B79F-54729F27E104}.Release|x86.ActiveCfg = Release|Any CPU
		{64E08039-F436-4ECB-B79F-54729F27E104}.Release|x86.Build.0 = Release|Any CPU
	EndGlobalSection
	GlobalSection(SolutionProperties) = preSolution
		HideSolutionNode = FALSE
	EndGlobalSection
	GlobalSection(ExtensibilityGlobals) = postSolution
		SolutionGuid = {7F192967-1BED-4EBE-B379-3E0090F191B5}
	EndGlobalSection
EndGlobal
